
Microsoft Visual Studio Solution File, Format Version 11.00
# Visual Studio 2010
# SharpDevelop 4.4
Project("{FD48973F-F585-4F70-812B-4D0503B36CE9}") = "Pg 198 Score Average", "Pg 198 Score Average\Pg 198 Score Average.pyproj", "{BA21058B-370E-4BC1-9FD8-2EDDC830B048}"
EndProject
Global
	GlobalSection(SolutionConfigurationPlatforms) = preSolution
		Debug|Any CPU = Debug|Any CPU
		Release|Any CPU = Release|Any CPU
	EndGlobalSection
	GlobalSection(ProjectConfigurationPlatforms) = postSolution
		{BA21058B-370E-4BC1-9FD8-2EDDC830B048}.Debug|Any CPU.Build.0 = Debug|Any CPU
		{BA21058B-370E-4BC1-9FD8-2EDDC830B048}.Debug|Any CPU.ActiveCfg = Debug|Any CPU
		{BA21058B-370E-4BC1-9FD8-2EDDC830B048}.Release|Any CPU.Build.0 = Release|Any CPU
		{BA21058B-370E-4BC1-9FD8-2EDDC830B048}.Release|Any CPU.ActiveCfg = Release|Any CPU
	EndGlobalSection
EndGlobal
