
Microsoft Visual Studio Solution File, Format Version 11.00
# Visual Studio 2010
# SharpDevelop 4.4
Project("{FD48973F-F585-4F70-812B-4D0503B36CE9}") = "Prog152a", "Prog152a\Prog152a.pyproj", "{A3419913-BA5E-42CD-9C80-44BA4975E1F9}"
EndProject
Global
	GlobalSection(SolutionConfigurationPlatforms) = preSolution
		Debug|Any CPU = Debug|Any CPU
		Release|Any CPU = Release|Any CPU
	EndGlobalSection
	GlobalSection(ProjectConfigurationPlatforms) = postSolution
		{A3419913-BA5E-42CD-9C80-44BA4975E1F9}.Debug|Any CPU.Build.0 = Debug|Any CPU
		{A3419913-BA5E-42CD-9C80-44BA4975E1F9}.Debug|Any CPU.ActiveCfg = Debug|Any CPU
		{A3419913-BA5E-42CD-9C80-44BA4975E1F9}.Release|Any CPU.Build.0 = Release|Any CPU
		{A3419913-BA5E-42CD-9C80-44BA4975E1F9}.Release|Any CPU.ActiveCfg = Release|Any CPU
	EndGlobalSection
EndGlobal
