
Microsoft Visual Studio Solution File, Format Version 11.00
# Visual Studio 2010
# SharpDevelop 4.4
Project("{FD48973F-F585-4F70-812B-4D0503B36CE9}") = "Prog58t Real", "Prog58t Real\Prog58t Real.pyproj", "{398156C3-C050-41A0-962F-FD15337B7F48}"
EndProject
Global
	GlobalSection(SolutionConfigurationPlatforms) = preSolution
		Debug|Any CPU = Debug|Any CPU
		Release|Any CPU = Release|Any CPU
	EndGlobalSection
	GlobalSection(ProjectConfigurationPlatforms) = postSolution
		{398156C3-C050-41A0-962F-FD15337B7F48}.Debug|Any CPU.Build.0 = Debug|Any CPU
		{398156C3-C050-41A0-962F-FD15337B7F48}.Debug|Any CPU.ActiveCfg = Debug|Any CPU
		{398156C3-C050-41A0-962F-FD15337B7F48}.Release|Any CPU.Build.0 = Release|Any CPU
		{398156C3-C050-41A0-962F-FD15337B7F48}.Release|Any CPU.ActiveCfg = Release|Any CPU
	EndGlobalSection
EndGlobal
