
Microsoft Visual Studio Solution File, Format Version 11.00
# Visual Studio 2010
# SharpDevelop 4.4
Project("{FD48973F-F585-4F70-812B-4D0503B36CE9}") = "dictionariesAndTuples", "dictionariesAndTuples\dictionariesAndTuples.pyproj", "{97B0108C-B789-4C21-B791-9549780A3158}"
EndProject
Global
	GlobalSection(SolutionConfigurationPlatforms) = preSolution
		Debug|Any CPU = Debug|Any CPU
		Release|Any CPU = Release|Any CPU
	EndGlobalSection
	GlobalSection(ProjectConfigurationPlatforms) = postSolution
		{97B0108C-B789-4C21-B791-9549780A3158}.Debug|Any CPU.Build.0 = Debug|Any CPU
		{97B0108C-B789-4C21-B791-9549780A3158}.Debug|Any CPU.ActiveCfg = Debug|Any CPU
		{97B0108C-B789-4C21-B791-9549780A3158}.Release|Any CPU.Build.0 = Release|Any CPU
		{97B0108C-B789-4C21-B791-9549780A3158}.Release|Any CPU.ActiveCfg = Release|Any CPU
	EndGlobalSection
EndGlobal
