
Microsoft Visual Studio Solution File, Format Version 11.00
# Visual Studio 2010
# SharpDevelop 4.4
Project("{FD48973F-F585-4F70-812B-4D0503B36CE9}") = "LP4- 2", "LP4- 2\LP4- 2.pyproj", "{D0F97672-D60B-40B8-9D8C-486080B53E62}"
EndProject
Global
	GlobalSection(SolutionConfigurationPlatforms) = preSolution
		Debug|Any CPU = Debug|Any CPU
		Release|Any CPU = Release|Any CPU
	EndGlobalSection
	GlobalSection(ProjectConfigurationPlatforms) = postSolution
		{D0F97672-D60B-40B8-9D8C-486080B53E62}.Debug|Any CPU.Build.0 = Debug|Any CPU
		{D0F97672-D60B-40B8-9D8C-486080B53E62}.Debug|Any CPU.ActiveCfg = Debug|Any CPU
		{D0F97672-D60B-40B8-9D8C-486080B53E62}.Release|Any CPU.Build.0 = Release|Any CPU
		{D0F97672-D60B-40B8-9D8C-486080B53E62}.Release|Any CPU.ActiveCfg = Release|Any CPU
	EndGlobalSection
EndGlobal
