
Microsoft Visual Studio Solution File, Format Version 11.00
# Visual Studio 2010
# SharpDevelop 4.4
Project("{FD48973F-F585-4F70-812B-4D0503B36CE9}") = "Pg 153 Salary Calc", "Pg 153 Salary Calc\Pg 153 Salary Calc.pyproj", "{F35969DB-1CE0-4A1B-BFD8-5B31D2890153}"
EndProject
Global
	GlobalSection(SolutionConfigurationPlatforms) = preSolution
		Debug|Any CPU = Debug|Any CPU
		Release|Any CPU = Release|Any CPU
	EndGlobalSection
	GlobalSection(ProjectConfigurationPlatforms) = postSolution
		{F35969DB-1CE0-4A1B-BFD8-5B31D2890153}.Debug|Any CPU.Build.0 = Debug|Any CPU
		{F35969DB-1CE0-4A1B-BFD8-5B31D2890153}.Debug|Any CPU.ActiveCfg = Debug|Any CPU
		{F35969DB-1CE0-4A1B-BFD8-5B31D2890153}.Release|Any CPU.Build.0 = Release|Any CPU
		{F35969DB-1CE0-4A1B-BFD8-5B31D2890153}.Release|Any CPU.ActiveCfg = Release|Any CPU
	EndGlobalSection
EndGlobal
