
Microsoft Visual Studio Solution File, Format Version 11.00
# Visual Studio 2010
# SharpDevelop 4.4
Project("{FD48973F-F585-4F70-812B-4D0503B36CE9}") = "Pg 140 Simple Calc", "Pg 140 Simple Calc\Pg 140 Simple Calc.pyproj", "{6E6899ED-9F66-49AE-8C00-872FD204C93B}"
EndProject
Global
	GlobalSection(SolutionConfigurationPlatforms) = preSolution
		Debug|Any CPU = Debug|Any CPU
		Release|Any CPU = Release|Any CPU
	EndGlobalSection
	GlobalSection(ProjectConfigurationPlatforms) = postSolution
		{6E6899ED-9F66-49AE-8C00-872FD204C93B}.Debug|Any CPU.Build.0 = Debug|Any CPU
		{6E6899ED-9F66-49AE-8C00-872FD204C93B}.Debug|Any CPU.ActiveCfg = Debug|Any CPU
		{6E6899ED-9F66-49AE-8C00-872FD204C93B}.Release|Any CPU.Build.0 = Release|Any CPU
		{6E6899ED-9F66-49AE-8C00-872FD204C93B}.Release|Any CPU.ActiveCfg = Release|Any CPU
	EndGlobalSection
EndGlobal
