
Microsoft Visual Studio Solution File, Format Version 11.00
# Visual Studio 2010
# SharpDevelop 4.4
Project("{FD48973F-F585-4F70-812B-4D0503B36CE9}") = "StringStuff", "StringStuff\StringStuff.pyproj", "{58A5DB19-13D2-4FFB-AB53-8CC87589D3BC}"
EndProject
Global
	GlobalSection(SolutionConfigurationPlatforms) = preSolution
		Debug|Any CPU = Debug|Any CPU
		Release|Any CPU = Release|Any CPU
	EndGlobalSection
	GlobalSection(ProjectConfigurationPlatforms) = postSolution
		{58A5DB19-13D2-4FFB-AB53-8CC87589D3BC}.Debug|Any CPU.Build.0 = Debug|Any CPU
		{58A5DB19-13D2-4FFB-AB53-8CC87589D3BC}.Debug|Any CPU.ActiveCfg = Debug|Any CPU
		{58A5DB19-13D2-4FFB-AB53-8CC87589D3BC}.Release|Any CPU.Build.0 = Release|Any CPU
		{58A5DB19-13D2-4FFB-AB53-8CC87589D3BC}.Release|Any CPU.ActiveCfg = Release|Any CPU
	EndGlobalSection
EndGlobal
