
Microsoft Visual Studio Solution File, Format Version 11.00
# Visual Studio 2010
# SharpDevelop 4.4
Project("{FD48973F-F585-4F70-812B-4D0503B36CE9}") = "Pg 240 Commision Calculator", "Pg 240 Commision Calculator\Pg 240 Commision Calculator.pyproj", "{4099C0DE-2AD9-491F-AC55-80F53B4902D7}"
EndProject
Global
	GlobalSection(SolutionConfigurationPlatforms) = preSolution
		Debug|Any CPU = Debug|Any CPU
		Release|Any CPU = Release|Any CPU
	EndGlobalSection
	GlobalSection(ProjectConfigurationPlatforms) = postSolution
		{4099C0DE-2AD9-491F-AC55-80F53B4902D7}.Debug|Any CPU.Build.0 = Debug|Any CPU
		{4099C0DE-2AD9-491F-AC55-80F53B4902D7}.Debug|Any CPU.ActiveCfg = Debug|Any CPU
		{4099C0DE-2AD9-491F-AC55-80F53B4902D7}.Release|Any CPU.Build.0 = Release|Any CPU
		{4099C0DE-2AD9-491F-AC55-80F53B4902D7}.Release|Any CPU.ActiveCfg = Release|Any CPU
	EndGlobalSection
EndGlobal
