
Microsoft Visual Studio Solution File, Format Version 11.00
# Visual Studio 2010
# SharpDevelop 4.4
Project("{FD48973F-F585-4F70-812B-4D0503B36CE9}") = "Prog52aClass", "Prog52aClass\Prog52aClass.pyproj", "{B6B9BF37-53F6-4B38-894F-444B2D83D54F}"
EndProject
Global
	GlobalSection(SolutionConfigurationPlatforms) = preSolution
		Debug|Any CPU = Debug|Any CPU
		Release|Any CPU = Release|Any CPU
	EndGlobalSection
	GlobalSection(ProjectConfigurationPlatforms) = postSolution
		{B6B9BF37-53F6-4B38-894F-444B2D83D54F}.Debug|Any CPU.Build.0 = Debug|Any CPU
		{B6B9BF37-53F6-4B38-894F-444B2D83D54F}.Debug|Any CPU.ActiveCfg = Debug|Any CPU
		{B6B9BF37-53F6-4B38-894F-444B2D83D54F}.Release|Any CPU.Build.0 = Release|Any CPU
		{B6B9BF37-53F6-4B38-894F-444B2D83D54F}.Release|Any CPU.ActiveCfg = Release|Any CPU
	EndGlobalSection
EndGlobal
