
Microsoft Visual Studio Solution File, Format Version 11.00
# Visual Studio 2010
# SharpDevelop 4.4
Project("{FD48973F-F585-4F70-812B-4D0503B36CE9}") = "Prog 54aDict Edition", "Prog 54aDict Edition\Prog 54aDict Edition.pyproj", "{0F13AED2-23DD-43B5-A1E5-B7EB128F0037}"
EndProject
Global
	GlobalSection(SolutionConfigurationPlatforms) = preSolution
		Debug|Any CPU = Debug|Any CPU
		Release|Any CPU = Release|Any CPU
	EndGlobalSection
	GlobalSection(ProjectConfigurationPlatforms) = postSolution
		{0F13AED2-23DD-43B5-A1E5-B7EB128F0037}.Debug|Any CPU.Build.0 = Debug|Any CPU
		{0F13AED2-23DD-43B5-A1E5-B7EB128F0037}.Debug|Any CPU.ActiveCfg = Debug|Any CPU
		{0F13AED2-23DD-43B5-A1E5-B7EB128F0037}.Release|Any CPU.Build.0 = Release|Any CPU
		{0F13AED2-23DD-43B5-A1E5-B7EB128F0037}.Release|Any CPU.ActiveCfg = Release|Any CPU
	EndGlobalSection
EndGlobal
