
Microsoft Visual Studio Solution File, Format Version 11.00
# Visual Studio 2010
# SharpDevelop 4.4
Project("{FD48973F-F585-4F70-812B-4D0503B36CE9}") = "Favorite Activity", "Favorite Activity\Favorite Activity.pyproj", "{931C1A37-F66E-46FC-A5C8-7DDC15F30513}"
EndProject
Global
	GlobalSection(SolutionConfigurationPlatforms) = preSolution
		Debug|Any CPU = Debug|Any CPU
		Release|Any CPU = Release|Any CPU
	EndGlobalSection
	GlobalSection(ProjectConfigurationPlatforms) = postSolution
		{931C1A37-F66E-46FC-A5C8-7DDC15F30513}.Debug|Any CPU.Build.0 = Debug|Any CPU
		{931C1A37-F66E-46FC-A5C8-7DDC15F30513}.Debug|Any CPU.ActiveCfg = Debug|Any CPU
		{931C1A37-F66E-46FC-A5C8-7DDC15F30513}.Release|Any CPU.Build.0 = Release|Any CPU
		{931C1A37-F66E-46FC-A5C8-7DDC15F30513}.Release|Any CPU.ActiveCfg = Release|Any CPU
	EndGlobalSection
EndGlobal
