
Microsoft Visual Studio Solution File, Format Version 11.00
# Visual Studio 2010
# SharpDevelop 4.4
Project("{FD48973F-F585-4F70-812B-4D0503B36CE9}") = "Prog 162b", "Prog 162b\Prog 162b.pyproj", "{84069073-EF8C-498E-92D4-9ECD36521A7E}"
EndProject
Global
	GlobalSection(SolutionConfigurationPlatforms) = preSolution
		Debug|Any CPU = Debug|Any CPU
		Release|Any CPU = Release|Any CPU
	EndGlobalSection
	GlobalSection(ProjectConfigurationPlatforms) = postSolution
		{84069073-EF8C-498E-92D4-9ECD36521A7E}.Debug|Any CPU.Build.0 = Debug|Any CPU
		{84069073-EF8C-498E-92D4-9ECD36521A7E}.Debug|Any CPU.ActiveCfg = Debug|Any CPU
		{84069073-EF8C-498E-92D4-9ECD36521A7E}.Release|Any CPU.Build.0 = Release|Any CPU
		{84069073-EF8C-498E-92D4-9ECD36521A7E}.Release|Any CPU.ActiveCfg = Release|Any CPU
	EndGlobalSection
EndGlobal
