
Microsoft Visual Studio Solution File, Format Version 11.00
# Visual Studio 2010
# SharpDevelop 4.4
Project("{FD48973F-F585-4F70-812B-4D0503B36CE9}") = "Pong", "Pong\Pong.pyproj", "{796DC91C-1F9F-47E7-831E-CC178041217A}"
EndProject
Global
	GlobalSection(SolutionConfigurationPlatforms) = preSolution
		Debug|Any CPU = Debug|Any CPU
		Release|Any CPU = Release|Any CPU
	EndGlobalSection
	GlobalSection(ProjectConfigurationPlatforms) = postSolution
		{796DC91C-1F9F-47E7-831E-CC178041217A}.Debug|Any CPU.Build.0 = Debug|Any CPU
		{796DC91C-1F9F-47E7-831E-CC178041217A}.Debug|Any CPU.ActiveCfg = Debug|Any CPU
		{796DC91C-1F9F-47E7-831E-CC178041217A}.Release|Any CPU.Build.0 = Release|Any CPU
		{796DC91C-1F9F-47E7-831E-CC178041217A}.Release|Any CPU.ActiveCfg = Release|Any CPU
	EndGlobalSection
EndGlobal
